
Microsoft Visual Studio Solution File, Format Version 12.00
# Visual Studio Version 16
VisualStudioVersion = 16.0.28803.352
MinimumVisualStudioVersion = 10.0.40219.1
Project("{8BC9CEB8-8B4A-11D0-8D11-00A0C91BC942}") = "ni_rsrc_mon", "ni_rsrc_mon.vcxproj", "{409BA120-9FB1-4C17-83D4-FF22B8BC736E}"
EndProject
Global
	GlobalSection(SolutionConfigurationPlatforms) = preSolution
		Debug|x64 = Debug|x64
		Debug|x86 = Debug|x86
		Release|x64 = Release|x64
		Release|x86 = Release|x86
	EndGlobalSection
	GlobalSection(ProjectConfigurationPlatforms) = postSolution
		{409BA120-9FB1-4C17-83D4-FF22B8BC736E}.Debug|x64.ActiveCfg = Debug|x64
		{409BA120-9FB1-4C17-83D4-FF22B8BC736E}.Debug|x64.Build.0 = Debug|x64
		{409BA120-9FB1-4C17-83D4-FF22B8BC736E}.Debug|x86.ActiveCfg = Debug|Win32
		{409BA120-9FB1-4C17-83D4-FF22B8BC736E}.Debug|x86.Build.0 = Debug|Win32
		{409BA120-9FB1-4C17-83D4-FF22B8BC736E}.Release|x64.ActiveCfg = Release|x64
		{409BA120-9FB1-4C17-83D4-FF22B8BC736E}.Release|x64.Build.0 = Release|x64
		{409BA120-9FB1-4C17-83D4-FF22B8BC736E}.Release|x86.ActiveCfg = Release|Win32
		{409BA120-9FB1-4C17-83D4-FF22B8BC736E}.Release|x86.Build.0 = Release|Win32
	EndGlobalSection
	GlobalSection(SolutionProperties) = preSolution
		HideSolutionNode = FALSE
	EndGlobalSection
	GlobalSection(ExtensibilityGlobals) = postSolution
		SolutionGuid = {04F7D100-12E0-4E73-89D9-6A19ABD44BB4}
	EndGlobalSection
EndGlobal
